
Microsoft Visual Studio Solution File, Format Version 12.00
# Visual Studio Version 17
VisualStudioVersion = 17.1.32328.378
MinimumVisualStudioVersion = 10.0.40219.1
Project("{FAE04EC0-301F-11D3-BF4B-00C04F79EFBC}") = "ApiMusic", "ApiMusic\ApiMusic.csproj", "{DE64DDFB-28A2-48FE-B681-E55E2B1B81FE}"
EndProject
Global
	GlobalSection(SolutionConfigurationPlatforms) = preSolution
		Debug|Any CPU = Debug|Any CPU
		Release|Any CPU = Release|Any CPU
	EndGlobalSection
	GlobalSection(ProjectConfigurationPlatforms) = postSolution
		{DE64DDFB-28A2-48FE-B681-E55E2B1B81FE}.Debug|Any CPU.ActiveCfg = Debug|Any CPU
		{DE64DDFB-28A2-48FE-B681-E55E2B1B81FE}.Debug|Any CPU.Build.0 = Debug|Any CPU
		{DE64DDFB-28A2-48FE-B681-E55E2B1B81FE}.Release|Any CPU.ActiveCfg = Release|Any CPU
		{DE64DDFB-28A2-48FE-B681-E55E2B1B81FE}.Release|Any CPU.Build.0 = Release|Any CPU
	EndGlobalSection
	GlobalSection(SolutionProperties) = preSolution
		HideSolutionNode = FALSE
	EndGlobalSection
	GlobalSection(ExtensibilityGlobals) = postSolution
		SolutionGuid = {E5D0107F-5181-41F2-9C4E-B4012C1341E1}
	EndGlobalSection
EndGlobal
